
Microsoft Visual Studio Solution File, Format Version 12.00
# Visual Studio Version 16
VisualStudioVersion = 16.0.31911.196
MinimumVisualStudioVersion = 10.0.40219.1
Project("{FAE04EC0-301F-11D3-BF4B-00C04F79EFBC}") = "WE_Project", "WE_Project\WE_Project.csproj", "{6603ABF2-A42B-4874-9B3B-A3857C1D0A2C}"
EndProject
Global
	GlobalSection(SolutionConfigurationPlatforms) = preSolution
		Debug|Any CPU = Debug|Any CPU
		Release|Any CPU = Release|Any CPU
	EndGlobalSection
	GlobalSection(ProjectConfigurationPlatforms) = postSolution
		{6603ABF2-A42B-4874-9B3B-A3857C1D0A2C}.Debug|Any CPU.ActiveCfg = Debug|Any CPU
		{6603ABF2-A42B-4874-9B3B-A3857C1D0A2C}.Debug|Any CPU.Build.0 = Debug|Any CPU
		{6603ABF2-A42B-4874-9B3B-A3857C1D0A2C}.Release|Any CPU.ActiveCfg = Release|Any CPU
		{6603ABF2-A42B-4874-9B3B-A3857C1D0A2C}.Release|Any CPU.Build.0 = Release|Any CPU
	EndGlobalSection
	GlobalSection(SolutionProperties) = preSolution
		HideSolutionNode = FALSE
	EndGlobalSection
	GlobalSection(ExtensibilityGlobals) = postSolution
		SolutionGuid = {D99DEE68-3969-4C4D-9BD8-B66C236A2EFF}
	EndGlobalSection
EndGlobal
